
Microsoft Visual Studio Solution File, Format Version 12.00
# Visual Studio Version 17
VisualStudioVersion = 17.9.34728.123
MinimumVisualStudioVersion = 10.0.40219.1
Project("{9A19103F-16F7-4668-BE54-9A1E7A4F7556}") = "ContactAPI", "ContactAPI\ContactAPI.csproj", "{8859AB69-FF85-41E9-B0E1-F3401AEE2E1C}"
EndProject
Project("{E53339B2-1760-4266-BCC7-CA923CBCF16C}") = "docker-compose", "docker-compose.dcproj", "{1166B67C-63E6-47E4-B8E0-5BBE09BEA0E1}"
EndProject
Global
	GlobalSection(SolutionConfigurationPlatforms) = preSolution
		Debug|Any CPU = Debug|Any CPU
		Release|Any CPU = Release|Any CPU
	EndGlobalSection
	GlobalSection(ProjectConfigurationPlatforms) = postSolution
		{8859AB69-FF85-41E9-B0E1-F3401AEE2E1C}.Debug|Any CPU.ActiveCfg = Debug|Any CPU
		{8859AB69-FF85-41E9-B0E1-F3401AEE2E1C}.Debug|Any CPU.Build.0 = Debug|Any CPU
		{8859AB69-FF85-41E9-B0E1-F3401AEE2E1C}.Release|Any CPU.ActiveCfg = Release|Any CPU
		{8859AB69-FF85-41E9-B0E1-F3401AEE2E1C}.Release|Any CPU.Build.0 = Release|Any CPU
		{1166B67C-63E6-47E4-B8E0-5BBE09BEA0E1}.Debug|Any CPU.ActiveCfg = Debug|Any CPU
		{1166B67C-63E6-47E4-B8E0-5BBE09BEA0E1}.Debug|Any CPU.Build.0 = Debug|Any CPU
		{1166B67C-63E6-47E4-B8E0-5BBE09BEA0E1}.Release|Any CPU.ActiveCfg = Release|Any CPU
		{1166B67C-63E6-47E4-B8E0-5BBE09BEA0E1}.Release|Any CPU.Build.0 = Release|Any CPU
	EndGlobalSection
	GlobalSection(SolutionProperties) = preSolution
		HideSolutionNode = FALSE
	EndGlobalSection
	GlobalSection(ExtensibilityGlobals) = postSolution
		SolutionGuid = {A06012E5-151B-403A-A288-B66F5000FBDF}
	EndGlobalSection
EndGlobal
